// !$*UTF8*$!
{
	archiveVersion = 1;
	classes = {
	};
	objectVersion = 46;
	objects = {

/* Begin PBXBuildFile section */
		B2C9A2631E6A690F00AC0B14 /* Main.storyboard in Resources */ = {isa = PBXBuildFile; fileRef = B2C9A2621E6A690F00AC0B14 /* Main.storyboard */; };
		B2C9A2641E6A690F00AC0B14 /* Main.storyboard in Resources */ = {isa = PBXBuildFile; fileRef = B2C9A2621E6A690F00AC0B14 /* Main.storyboard */; };
		B2C9A2661E6A692200AC0B14 /* HubViewController.swift in Sources */ = {isa = PBXBuildFile; fileRef = B2C9A2651E6A692200AC0B14 /* HubViewController.swift */; };
		B2C9A2671E6A692200AC0B14 /* HubViewController.swift in Sources */ = {isa = PBXBuildFile; fileRef = B2C9A2651E6A692200AC0B14 /* HubViewController.swift */; };
		B2C9A26A1E6A694800AC0B14 /* UIButton+CornerRadius.swift in Sources */ = {isa = PBXBuildFile; fileRef = B2C9A2691E6A694800AC0B14 /* UIButton+CornerRadius.swift */; };
		B2C9A26B1E6A694800AC0B14 /* UIButton+CornerRadius.swift in Sources */ = {isa = PBXBuildFile; fileRef = B2C9A2691E6A694800AC0B14 /* UIButton+CornerRadius.swift */; };
		B2C9A26F1E6A7E9500AC0B14 /* PhrasesViewController.swift in Sources */ = {isa = PBXBuildFile; fileRef = B2C9A26E1E6A7E9500AC0B14 /* PhrasesViewController.swift */; };
		B2C9A2721E6A804800AC0B14 /* PhraseTableViewCell.swift in Sources */ = {isa = PBXBuildFile; fileRef = B2C9A2701E6A804800AC0B14 /* PhraseTableViewCell.swift */; };
		B2C9A2731E6A804800AC0B14 /* PhraseTableViewCell.xib in Resources */ = {isa = PBXBuildFile; fileRef = B2C9A2711E6A804800AC0B14 /* PhraseTableViewCell.xib */; };
		B2C9A2761E6A8B5D00AC0B14 /* RikoModalViewController.swift in Sources */ = {isa = PBXBuildFile; fileRef = B2C9A2741E6A8B5D00AC0B14 /* RikoModalViewController.swift */; };
		B2C9A27D1E6A96E200AC0B14 /* RikoModalViewStoryboard.storyboard in Resources */ = {isa = PBXBuildFile; fileRef = B2C9A27C1E6A96E200AC0B14 /* RikoModalViewStoryboard.storyboard */; };
		B631AE641E6A5579007B2125 /* AppDelegate.swift in Sources */ = {isa = PBXBuildFile; fileRef = B631AE631E6A5579007B2125 /* AppDelegate.swift */; };
		B631AE661E6A5579007B2125 /* ViewController.swift in Sources */ = {isa = PBXBuildFile; fileRef = B631AE651E6A5579007B2125 /* ViewController.swift */; };
		B631AE6B1E6A5579007B2125 /* Assets.xcassets in Resources */ = {isa = PBXBuildFile; fileRef = B631AE6A1E6A5579007B2125 /* Assets.xcassets */; };
		B631AE6E1E6A5579007B2125 /* LaunchScreen.storyboard in Resources */ = {isa = PBXBuildFile; fileRef = B631AE6C1E6A5579007B2125 /* LaunchScreen.storyboard */; };
		B631AE791E6A5579007B2125 /* KonjacTests.swift in Sources */ = {isa = PBXBuildFile; fileRef = B631AE781E6A5579007B2125 /* KonjacTests.swift */; };
		B646F5F11E6A870E00BD5822 /* GoogleTranslateViewController.swift in Sources */ = {isa = PBXBuildFile; fileRef = B646F5F01E6A870E00BD5822 /* GoogleTranslateViewController.swift */; };
		B646F5F31E6A871E00BD5822 /* GoogleTranslate.storyboard in Resources */ = {isa = PBXBuildFile; fileRef = B646F5F21E6A871E00BD5822 /* GoogleTranslate.storyboard */; };
		E7CB6CBFEB7BE60CB285E528 /* Pods_Konjac.framework in Frameworks */ = {isa = PBXBuildFile; fileRef = 46C954629B873DCB931AC6EE /* Pods_Konjac.framework */; };
		E9EED6221E6A786D00118C37 /* GoogleService-Info.plist in Resources */ = {isa = PBXBuildFile; fileRef = E9EED6211E6A786D00118C37 /* GoogleService-Info.plist */; };
/* End PBXBuildFile section */

/* Begin PBXContainerItemProxy section */
		B631AE751E6A5579007B2125 /* PBXContainerItemProxy */ = {
			isa = PBXContainerItemProxy;
			containerPortal = B631AE581E6A5578007B2125 /* Project object */;
			proxyType = 1;
			remoteGlobalIDString = B631AE5F1E6A5578007B2125;
			remoteInfo = Konjac;
		};
/* End PBXContainerItemProxy section */

/* Begin PBXFileReference section */
		267E6D2566DBD06A189B0895 /* Pods_KonjacTests.framework */ = {isa = PBXFileReference; explicitFileType = wrapper.framework; includeInIndex = 0; path = Pods_KonjacTests.framework; sourceTree = BUILT_PRODUCTS_DIR; };
		4191734C28D2350D1E4954E3 /* Pods-Konjac.debug.xcconfig */ = {isa = PBXFileReference; includeInIndex = 1; lastKnownFileType = text.xcconfig; name = "Pods-Konjac.debug.xcconfig"; path = "Pods/Target Support Files/Pods-Konjac/Pods-Konjac.debug.xcconfig"; sourceTree = "<group>"; };
		46C954629B873DCB931AC6EE /* Pods_Konjac.framework */ = {isa = PBXFileReference; explicitFileType = wrapper.framework; includeInIndex = 0; path = Pods_Konjac.framework; sourceTree = BUILT_PRODUCTS_DIR; };
		69426D6C746CCAE9B2A0B557 /* Pods-Konjac.release.xcconfig */ = {isa = PBXFileReference; includeInIndex = 1; lastKnownFileType = text.xcconfig; name = "Pods-Konjac.release.xcconfig"; path = "Pods/Target Support Files/Pods-Konjac/Pods-Konjac.release.xcconfig"; sourceTree = "<group>"; };
		B2C9A2621E6A690F00AC0B14 /* Main.storyboard */ = {isa = PBXFileReference; fileEncoding = 4; lastKnownFileType = file.storyboard; path = Main.storyboard; sourceTree = "<group>"; };
		B2C9A2651E6A692200AC0B14 /* HubViewController.swift */ = {isa = PBXFileReference; fileEncoding = 4; lastKnownFileType = sourcecode.swift; path = HubViewController.swift; sourceTree = "<group>"; };
		B2C9A2691E6A694800AC0B14 /* UIButton+CornerRadius.swift */ = {isa = PBXFileReference; fileEncoding = 4; lastKnownFileType = sourcecode.swift; path = "UIButton+CornerRadius.swift"; sourceTree = "<group>"; };
		B2C9A26E1E6A7E9500AC0B14 /* PhrasesViewController.swift */ = {isa = PBXFileReference; fileEncoding = 4; lastKnownFileType = sourcecode.swift; path = PhrasesViewController.swift; sourceTree = "<group>"; };
		B2C9A2701E6A804800AC0B14 /* PhraseTableViewCell.swift */ = {isa = PBXFileReference; fileEncoding = 4; lastKnownFileType = sourcecode.swift; path = PhraseTableViewCell.swift; sourceTree = "<group>"; };
		B2C9A2711E6A804800AC0B14 /* PhraseTableViewCell.xib */ = {isa = PBXFileReference; fileEncoding = 4; lastKnownFileType = file.xib; path = PhraseTableViewCell.xib; sourceTree = "<group>"; };
		B2C9A2741E6A8B5D00AC0B14 /* RikoModalViewController.swift */ = {isa = PBXFileReference; fileEncoding = 4; lastKnownFileType = sourcecode.swift; path = RikoModalViewController.swift; sourceTree = "<group>"; };
		B2C9A27C1E6A96E200AC0B14 /* RikoModalViewStoryboard.storyboard */ = {isa = PBXFileReference; fileEncoding = 4; lastKnownFileType = file.storyboard; path = RikoModalViewStoryboard.storyboard; sourceTree = "<group>"; };
		B631AE601E6A5579007B2125 /* Konjac.app */ = {isa = PBXFileReference; explicitFileType = wrapper.application; includeInIndex = 0; path = Konjac.app; sourceTree = BUILT_PRODUCTS_DIR; };
		B631AE631E6A5579007B2125 /* AppDelegate.swift */ = {isa = PBXFileReference; lastKnownFileType = sourcecode.swift; path = AppDelegate.swift; sourceTree = "<group>"; };
		B631AE651E6A5579007B2125 /* ViewController.swift */ = {isa = PBXFileReference; lastKnownFileType = sourcecode.swift; path = ViewController.swift; sourceTree = "<group>"; };
		B631AE6A1E6A5579007B2125 /* Assets.xcassets */ = {isa = PBXFileReference; lastKnownFileType = folder.assetcatalog; path = Assets.xcassets; sourceTree = "<group>"; };
		B631AE6D1E6A5579007B2125 /* Base */ = {isa = PBXFileReference; lastKnownFileType = file.storyboard; name = Base; path = Base.lproj/LaunchScreen.storyboard; sourceTree = "<group>"; };
		B631AE6F1E6A5579007B2125 /* Info.plist */ = {isa = PBXFileReference; lastKnownFileType = text.plist.xml; path = Info.plist; sourceTree = "<group>"; };
		B631AE741E6A5579007B2125 /* KonjacTests.xctest */ = {isa = PBXFileReference; explicitFileType = wrapper.cfbundle; includeInIndex = 0; path = KonjacTests.xctest; sourceTree = BUILT_PRODUCTS_DIR; };
		B631AE781E6A5579007B2125 /* KonjacTests.swift */ = {isa = PBXFileReference; lastKnownFileType = sourcecode.swift; path = KonjacTests.swift; sourceTree = "<group>"; };
		B631AE7A1E6A5579007B2125 /* Info.plist */ = {isa = PBXFileReference; lastKnownFileType = text.plist.xml; path = Info.plist; sourceTree = "<group>"; };
		B646F5F01E6A870E00BD5822 /* GoogleTranslateViewController.swift */ = {isa = PBXFileReference; fileEncoding = 4; lastKnownFileType = sourcecode.swift; path = GoogleTranslateViewController.swift; sourceTree = "<group>"; };
		B646F5F21E6A871E00BD5822 /* GoogleTranslate.storyboard */ = {isa = PBXFileReference; fileEncoding = 4; lastKnownFileType = file.storyboard; path = GoogleTranslate.storyboard; sourceTree = "<group>"; };
		E9EED6211E6A786D00118C37 /* GoogleService-Info.plist */ = {isa = PBXFileReference; fileEncoding = 4; lastKnownFileType = text.plist.xml; path = "GoogleService-Info.plist"; sourceTree = "<group>"; };
/* End PBXFileReference section */

/* Begin PBXFrameworksBuildPhase section */
		B631AE5D1E6A5578007B2125 /* Frameworks */ = {
			isa = PBXFrameworksBuildPhase;
			buildActionMask = 2147483647;
			files = (
				E7CB6CBFEB7BE60CB285E528 /* Pods_Konjac.framework in Frameworks */,
			);
			runOnlyForDeploymentPostprocessing = 0;
		};
		B631AE711E6A5579007B2125 /* Frameworks */ = {
			isa = PBXFrameworksBuildPhase;
			buildActionMask = 2147483647;
			files = (
			);
			runOnlyForDeploymentPostprocessing = 0;
		};
/* End PBXFrameworksBuildPhase section */

/* Begin PBXGroup section */
		1864333BB406DAE963C8C98F /* Pods */ = {
			isa = PBXGroup;
			children = (
				4191734C28D2350D1E4954E3 /* Pods-Konjac.debug.xcconfig */,
				69426D6C746CCAE9B2A0B557 /* Pods-Konjac.release.xcconfig */,
			);
			name = Pods;
			sourceTree = "<group>";
		};
		35A0399695DED117D8F219F7 /* Frameworks */ = {
			isa = PBXGroup;
			children = (
				46C954629B873DCB931AC6EE /* Pods_Konjac.framework */,
				267E6D2566DBD06A189B0895 /* Pods_KonjacTests.framework */,
			);
			name = Frameworks;
			sourceTree = "<group>";
		};
		B2C9A2681E6A694100AC0B14 /* Extensions */ = {
			isa = PBXGroup;
			children = (
				B2C9A2691E6A694800AC0B14 /* UIButton+CornerRadius.swift */,
			);
			name = Extensions;
			sourceTree = "<group>";
		};
		B631AE571E6A5578007B2125 = {
			isa = PBXGroup;
			children = (
				E9EED6211E6A786D00118C37 /* GoogleService-Info.plist */,
				B631AE621E6A5579007B2125 /* Konjac */,
				B631AE771E6A5579007B2125 /* KonjacTests */,
				B631AE611E6A5579007B2125 /* Products */,
				1864333BB406DAE963C8C98F /* Pods */,
				35A0399695DED117D8F219F7 /* Frameworks */,
			);
			sourceTree = "<group>";
		};
		B631AE611E6A5579007B2125 /* Products */ = {
			isa = PBXGroup;
			children = (
				B631AE601E6A5579007B2125 /* Konjac.app */,
				B631AE741E6A5579007B2125 /* KonjacTests.xctest */,
			);
			name = Products;
			sourceTree = "<group>";
		};
		B631AE621E6A5579007B2125 /* Konjac */ = {
			isa = PBXGroup;
			children = (
				B2C9A2701E6A804800AC0B14 /* PhraseTableViewCell.swift */,
				B2C9A2711E6A804800AC0B14 /* PhraseTableViewCell.xib */,
				B2C9A2741E6A8B5D00AC0B14 /* RikoModalViewController.swift */,
				B2C9A2681E6A694100AC0B14 /* Extensions */,
				B631AE631E6A5579007B2125 /* AppDelegate.swift */,
				B631AE651E6A5579007B2125 /* ViewController.swift */,
				B646F5F01E6A870E00BD5822 /* GoogleTranslateViewController.swift */,
				B646F5F21E6A871E00BD5822 /* GoogleTranslate.storyboard */,
				B2C9A2621E6A690F00AC0B14 /* Main.storyboard */,
				B631AE6A1E6A5579007B2125 /* Assets.xcassets */,
				B2C9A2651E6A692200AC0B14 /* HubViewController.swift */,
				B631AE6C1E6A5579007B2125 /* LaunchScreen.storyboard */,
				B631AE6F1E6A5579007B2125 /* Info.plist */,
				B2C9A26E1E6A7E9500AC0B14 /* PhrasesViewController.swift */,
				B2C9A27C1E6A96E200AC0B14 /* RikoModalViewStoryboard.storyboard */,
			);
			path = Konjac;
			sourceTree = "<group>";
		};
		B631AE771E6A5579007B2125 /* KonjacTests */ = {
			isa = PBXGroup;
			children = (
				B631AE781E6A5579007B2125 /* KonjacTests.swift */,
				B631AE7A1E6A5579007B2125 /* Info.plist */,
			);
			path = KonjacTests;
			sourceTree = "<group>";
		};
/* End PBXGroup section */

/* Begin PBXNativeTarget section */
		B631AE5F1E6A5578007B2125 /* Konjac */ = {
			isa = PBXNativeTarget;
			buildConfigurationList = B631AE7D1E6A5579007B2125 /* Build configuration list for PBXNativeTarget "Konjac" */;
			buildPhases = (
				370CB891CAAEDCAAAA3B9F99 /* [CP] Check Pods Manifest.lock */,
				B631AE5C1E6A5578007B2125 /* Sources */,
				B631AE5D1E6A5578007B2125 /* Frameworks */,
				B631AE5E1E6A5578007B2125 /* Resources */,
				1A4BCCD22406B536678C4AEC /* [CP] Embed Pods Frameworks */,
				A7CA779884A9E82B72AA9A95 /* [CP] Copy Pods Resources */,
			);
			buildRules = (
			);
			dependencies = (
			);
			name = Konjac;
			productName = Konjac;
			productReference = B631AE601E6A5579007B2125 /* Konjac.app */;
			productType = "com.apple.product-type.application";
		};
		B631AE731E6A5579007B2125 /* KonjacTests */ = {
			isa = PBXNativeTarget;
			buildConfigurationList = B631AE801E6A5579007B2125 /* Build configuration list for PBXNativeTarget "KonjacTests" */;
			buildPhases = (
				B631AE701E6A5579007B2125 /* Sources */,
				B631AE711E6A5579007B2125 /* Frameworks */,
				B631AE721E6A5579007B2125 /* Resources */,
			);
			buildRules = (
			);
			dependencies = (
				B631AE761E6A5579007B2125 /* PBXTargetDependency */,
			);
			name = KonjacTests;
			productName = KonjacTests;
			productReference = B631AE741E6A5579007B2125 /* KonjacTests.xctest */;
			productType = "com.apple.product-type.bundle.unit-test";
		};
/* End PBXNativeTarget section */

/* Begin PBXProject section */
		B631AE581E6A5578007B2125 /* Project object */ = {
			isa = PBXProject;
			attributes = {
				LastSwiftUpdateCheck = 0820;
				LastUpgradeCheck = 0820;
				ORGANIZATIONNAME = trySwiftHackathon;
				TargetAttributes = {
					B631AE5F1E6A5578007B2125 = {
						CreatedOnToolsVersion = 8.2.1;
						DevelopmentTeam = 42U7855PYX;
						ProvisioningStyle = Automatic;
					};
					B631AE731E6A5579007B2125 = {
						CreatedOnToolsVersion = 8.2.1;
						ProvisioningStyle = Automatic;
						TestTargetID = B631AE5F1E6A5578007B2125;
					};
				};
			};
			buildConfigurationList = B631AE5B1E6A5578007B2125 /* Build configuration list for PBXProject "Konjac" */;
			compatibilityVersion = "Xcode 3.2";
			developmentRegion = English;
			hasScannedForEncodings = 0;
			knownRegions = (
				en,
				Base,
			);
			mainGroup = B631AE571E6A5578007B2125;
			productRefGroup = B631AE611E6A5579007B2125 /* Products */;
			projectDirPath = "";
			projectRoot = "";
			targets = (
				B631AE5F1E6A5578007B2125 /* Konjac */,
				B631AE731E6A5579007B2125 /* KonjacTests */,
			);
		};
/* End PBXProject section */

/* Begin PBXResourcesBuildPhase section */
		B631AE5E1E6A5578007B2125 /* Resources */ = {
			isa = PBXResourcesBuildPhase;
			buildActionMask = 2147483647;
			files = (
				B646F5F31E6A871E00BD5822 /* GoogleTranslate.storyboard in Resources */,
				B2C9A2631E6A690F00AC0B14 /* Main.storyboard in Resources */,
				E9EED6221E6A786D00118C37 /* GoogleService-Info.plist in Resources */,
				B631AE6E1E6A5579007B2125 /* LaunchScreen.storyboard in Resources */,
				B2C9A27D1E6A96E200AC0B14 /* RikoModalViewStoryboard.storyboard in Resources */,
				B2C9A2731E6A804800AC0B14 /* PhraseTableViewCell.xib in Resources */,
				B631AE6B1E6A5579007B2125 /* Assets.xcassets in Resources */,
			);
			runOnlyForDeploymentPostprocessing = 0;
		};
		B631AE721E6A5579007B2125 /* Resources */ = {
			isa = PBXResourcesBuildPhase;
			buildActionMask = 2147483647;
			files = (
				B2C9A2641E6A690F00AC0B14 /* Main.storyboard in Resources */,
			);
			runOnlyForDeploymentPostprocessing = 0;
		};
/* End PBXResourcesBuildPhase section */

/* Begin PBXShellScriptBuildPhase section */
		1A4BCCD22406B536678C4AEC /* [CP] Embed Pods Frameworks */ = {
			isa = PBXShellScriptBuildPhase;
			buildActionMask = 2147483647;
			files = (
			);
			inputPaths = (
			);
			name = "[CP] Embed Pods Frameworks";
			outputPaths = (
			);
			runOnlyForDeploymentPostprocessing = 0;
			shellPath = /bin/sh;
			shellScript = "\"${SRCROOT}/Pods/Target Support Files/Pods-Konjac/Pods-Konjac-frameworks.sh\"\n";
			showEnvVarsInLog = 0;
		};
		370CB891CAAEDCAAAA3B9F99 /* [CP] Check Pods Manifest.lock */ = {
			isa = PBXShellScriptBuildPhase;
			buildActionMask = 2147483647;
			files = (
			);
			inputPaths = (
			);
			name = "[CP] Check Pods Manifest.lock";
			outputPaths = (
			);
			runOnlyForDeploymentPostprocessing = 0;
			shellPath = /bin/sh;
			shellScript = "diff \"${PODS_ROOT}/../Podfile.lock\" \"${PODS_ROOT}/Manifest.lock\" > /dev/null\nif [ $? != 0 ] ; then\n    # print error to STDERR\n    echo \"error: The sandbox is not in sync with the Podfile.lock. Run 'pod install' or update your CocoaPods installation.\" >&2\n    exit 1\nfi\n";
			showEnvVarsInLog = 0;
		};
		A7CA779884A9E82B72AA9A95 /* [CP] Copy Pods Resources */ = {
			isa = PBXShellScriptBuildPhase;
			buildActionMask = 2147483647;
			files = (
			);
			inputPaths = (
			);
			name = "[CP] Copy Pods Resources";
			outputPaths = (
			);
			runOnlyForDeploymentPostprocessing = 0;
			shellPath = /bin/sh;
			shellScript = "\"${SRCROOT}/Pods/Target Support Files/Pods-Konjac/Pods-Konjac-resources.sh\"\n";
			showEnvVarsInLog = 0;
		};
/* End PBXShellScriptBuildPhase section */

/* Begin PBXSourcesBuildPhase section */
		B631AE5C1E6A5578007B2125 /* Sources */ = {
			isa = PBXSourcesBuildPhase;
			buildActionMask = 2147483647;
			files = (
				B2C9A26A1E6A694800AC0B14 /* UIButton+CornerRadius.swift in Sources */,
				B646F5F11E6A870E00BD5822 /* GoogleTranslateViewController.swift in Sources */,
				B631AE661E6A5579007B2125 /* ViewController.swift in Sources */,
				B2C9A2721E6A804800AC0B14 /* PhraseTableViewCell.swift in Sources */,
				B2C9A26F1E6A7E9500AC0B14 /* PhrasesViewController.swift in Sources */,
				B2C9A2661E6A692200AC0B14 /* HubViewController.swift in Sources */,
				B2C9A2761E6A8B5D00AC0B14 /* RikoModalViewController.swift in Sources */,
				B631AE641E6A5579007B2125 /* AppDelegate.swift in Sources */,
			);
			runOnlyForDeploymentPostprocessing = 0;
		};
		B631AE701E6A5579007B2125 /* Sources */ = {
			isa = PBXSourcesBuildPhase;
			buildActionMask = 2147483647;
			files = (
				B2C9A2671E6A692200AC0B14 /* HubViewController.swift in Sources */,
				B2C9A26B1E6A694800AC0B14 /* UIButton+CornerRadius.swift in Sources */,
				B631AE791E6A5579007B2125 /* KonjacTests.swift in Sources */,
			);
			runOnlyForDeploymentPostprocessing = 0;
		};
/* End PBXSourcesBuildPhase section */

/* Begin PBXTargetDependency section */
		B631AE761E6A5579007B2125 /* PBXTargetDependency */ = {
			isa = PBXTargetDependency;
			target = B631AE5F1E6A5578007B2125 /* Konjac */;
			targetProxy = B631AE751E6A5579007B2125 /* PBXContainerItemProxy */;
		};
/* End PBXTargetDependency section */

/* Begin PBXVariantGroup section */
		B631AE6C1E6A5579007B2125 /* LaunchScreen.storyboard */ = {
			isa = PBXVariantGroup;
			children = (
				B631AE6D1E6A5579007B2125 /* Base */,
			);
			name = LaunchScreen.storyboard;
			sourceTree = "<group>";
		};
/* End PBXVariantGroup section */

/* Begin XCBuildConfiguration section */
		B631AE7B1E6A5579007B2125 /* Debug */ = {
			isa = XCBuildConfiguration;
			buildSettings = {
				ALWAYS_SEARCH_USER_PATHS = NO;
				CLANG_ANALYZER_NONNULL = YES;
				CLANG_CXX_LANGUAGE_STANDARD = "gnu++0x";
				CLANG_CXX_LIBRARY = "libc++";
				CLANG_ENABLE_MODULES = YES;
				CLANG_ENABLE_OBJC_ARC = YES;
				CLANG_WARN_BOOL_CONVERSION = YES;
				CLANG_WARN_CONSTANT_CONVERSION = YES;
				CLANG_WARN_DIRECT_OBJC_ISA_USAGE = YES_ERROR;
				CLANG_WARN_DOCUMENTATION_COMMENTS = YES;
				CLANG_WARN_EMPTY_BODY = YES;
				CLANG_WARN_ENUM_CONVERSION = YES;
				CLANG_WARN_INFINITE_RECURSION = YES;
				CLANG_WARN_INT_CONVERSION = YES;
				CLANG_WARN_OBJC_ROOT_CLASS = YES_ERROR;
				CLANG_WARN_SUSPICIOUS_MOVE = YES;
				CLANG_WARN_UNREACHABLE_CODE = YES;
				CLANG_WARN__DUPLICATE_METHOD_MATCH = YES;
				"CODE_SIGN_IDENTITY[sdk=iphoneos*]" = "iPhone Developer";
				COPY_PHASE_STRIP = NO;
				DEBUG_INFORMATION_FORMAT = dwarf;
				ENABLE_STRICT_OBJC_MSGSEND = YES;
				ENABLE_TESTABILITY = YES;
				GCC_C_LANGUAGE_STANDARD = gnu99;
				GCC_DYNAMIC_NO_PIC = NO;
				GCC_NO_COMMON_BLOCKS = YES;
				GCC_OPTIMIZATION_LEVEL = 0;
				GCC_PREPROCESSOR_DEFINITIONS = (
					"DEBUG=1",
					"$(inherited)",
				);
				GCC_WARN_64_TO_32_BIT_CONVERSION = YES;
				GCC_WARN_ABOUT_RETURN_TYPE = YES_ERROR;
				GCC_WARN_UNDECLARED_SELECTOR = YES;
				GCC_WARN_UNINITIALIZED_AUTOS = YES_AGGRESSIVE;
				GCC_WARN_UNUSED_FUNCTION = YES;
				GCC_WARN_UNUSED_VARIABLE = YES;
				IPHONEOS_DEPLOYMENT_TARGET = 10.2;
				MTL_ENABLE_DEBUG_INFO = YES;
				ONLY_ACTIVE_ARCH = YES;
				SDKROOT = iphoneos;
				SWIFT_ACTIVE_COMPILATION_CONDITIONS = DEBUG;
				SWIFT_OPTIMIZATION_LEVEL = "-Onone";
				TARGETED_DEVICE_FAMILY = "1,2";
			};
			name = Debug;
		};
		B631AE7C1E6A5579007B2125 /* Release */ = {
			isa = XCBuildConfiguration;
			buildSettings = {
				ALWAYS_SEARCH_USER_PATHS = NO;
				CLANG_ANALYZER_NONNULL = YES;
				CLANG_CXX_LANGUAGE_STANDARD = "gnu++0x";
				CLANG_CXX_LIBRARY = "libc++";
				CLANG_ENABLE_MODULES = YES;
				CLANG_ENABLE_OBJC_ARC = YES;
				CLANG_WARN_BOOL_CONVERSION = YES;
				CLANG_WARN_CONSTANT_CONVERSION = YES;
				CLANG_WARN_DIRECT_OBJC_ISA_USAGE = YES_ERROR;
				CLANG_WARN_DOCUMENTATION_COMMENTS = YES;
				CLANG_WARN_EMPTY_BODY = YES;
				CLANG_WARN_ENUM_CONVERSION = YES;
				CLANG_WARN_INFINITE_RECURSION = YES;
				CLANG_WARN_INT_CONVERSION = YES;
				CLANG_WARN_OBJC_ROOT_CLASS = YES_ERROR;
				CLANG_WARN_SUSPICIOUS_MOVE = YES;
				CLANG_WARN_UNREACHABLE_CODE = YES;
				CLANG_WARN__DUPLICATE_METHOD_MATCH = YES;
				"CODE_SIGN_IDENTITY[sdk=iphoneos*]" = "iPhone Developer";
				COPY_PHASE_STRIP = NO;
				DEBUG_INFORMATION_FORMAT = "dwarf-with-dsym";
				ENABLE_NS_ASSERTIONS = NO;
				ENABLE_STRICT_OBJC_MSGSEND = YES;
				GCC_C_LANGUAGE_STANDARD = gnu99;
				GCC_NO_COMMON_BLOCKS = YES;
				GCC_WARN_64_TO_32_BIT_CONVERSION = YES;
				GCC_WARN_ABOUT_RETURN_TYPE = YES_ERROR;
				GCC_WARN_UNDECLARED_SELECTOR = YES;
				GCC_WARN_UNINITIALIZED_AUTOS = YES_AGGRESSIVE;
				GCC_WARN_UNUSED_FUNCTION = YES;
				GCC_WARN_UNUSED_VARIABLE = YES;
				IPHONEOS_DEPLOYMENT_TARGET = 10.2;
				MTL_ENABLE_DEBUG_INFO = NO;
				SDKROOT = iphoneos;
				SWIFT_OPTIMIZATION_LEVEL = "-Owholemodule";
				TARGETED_DEVICE_FAMILY = "1,2";
				VALIDATE_PRODUCT = YES;
			};
			name = Release;
		};
		B631AE7E1E6A5579007B2125 /* Debug */ = {
			isa = XCBuildConfiguration;
			baseConfigurationReference = 4191734C28D2350D1E4954E3 /* Pods-Konjac.debug.xcconfig */;
			buildSettings = {
				ASSETCATALOG_COMPILER_APPICON_NAME = AppIcon;
				DEVELOPMENT_TEAM = 42U7855PYX;
				INFOPLIST_FILE = Konjac/Info.plist;
				IPHONEOS_DEPLOYMENT_TARGET = 10.0;
				LD_RUNPATH_SEARCH_PATHS = "$(inherited) @executable_path/Frameworks";
				PRODUCT_BUNDLE_IDENTIFIER = jp.trySwiftHackathon.Konjac;
				PRODUCT_NAME = "$(TARGET_NAME)";
				SWIFT_VERSION = 3.0;
			};
			name = Debug;
		};
		B631AE7F1E6A5579007B2125 /* Release */ = {
			isa = XCBuildConfiguration;
			baseConfigurationReference = 69426D6C746CCAE9B2A0B557 /* Pods-Konjac.release.xcconfig */;
			buildSettings = {
				ASSETCATALOG_COMPILER_APPICON_NAME = AppIcon;
				DEVELOPMENT_TEAM = 42U7855PYX;
				INFOPLIST_FILE = Konjac/Info.plist;
				IPHONEOS_DEPLOYMENT_TARGET = 10.0;
				LD_RUNPATH_SEARCH_PATHS = "$(inherited) @executable_path/Frameworks";
				PRODUCT_BUNDLE_IDENTIFIER = jp.trySwiftHackathon.Konjac;
				PRODUCT_NAME = "$(TARGET_NAME)";
				SWIFT_VERSION = 3.0;
			};
			name = Release;
		};
		B631AE811E6A5579007B2125 /* Debug */ = {
			isa = XCBuildConfiguration;
			buildSettings = {
				ALWAYS_EMBED_SWIFT_STANDARD_LIBRARIES = YES;
				BUNDLE_LOADER = "$(TEST_HOST)";
				INFOPLIST_FILE = KonjacTests/Info.plist;
				LD_RUNPATH_SEARCH_PATHS = "$(inherited) @executable_path/Frameworks @loader_path/Frameworks";
				PRODUCT_BUNDLE_IDENTIFIER = jp.trySwiftHackathon.KonjacTests;
				PRODUCT_NAME = "$(TARGET_NAME)";
				SWIFT_VERSION = 3.0;
				TEST_HOST = "$(BUILT_PRODUCTS_DIR)/Konjac.app/Konjac";
			};
			name = Debug;
		};
		B631AE821E6A5579007B2125 /* Release */ = {
			isa = XCBuildConfiguration;
			buildSettings = {
				ALWAYS_EMBED_SWIFT_STANDARD_LIBRARIES = YES;
				BUNDLE_LOADER = "$(TEST_HOST)";
				INFOPLIST_FILE = KonjacTests/Info.plist;
				LD_RUNPATH_SEARCH_PATHS = "$(inherited) @executable_path/Frameworks @loader_path/Frameworks";
				PRODUCT_BUNDLE_IDENTIFIER = jp.trySwiftHackathon.KonjacTests;
				PRODUCT_NAME = "$(TARGET_NAME)";
				SWIFT_VERSION = 3.0;
				TEST_HOST = "$(BUILT_PRODUCTS_DIR)/Konjac.app/Konjac";
			};
			name = Release;
		};
/* End XCBuildConfiguration section */

/* Begin XCConfigurationList section */
		B631AE5B1E6A5578007B2125 /* Build configuration list for PBXProject "Konjac" */ = {
			isa = XCConfigurationList;
			buildConfigurations = (
				B631AE7B1E6A5579007B2125 /* Debug */,
				B631AE7C1E6A5579007B2125 /* Release */,
			);
			defaultConfigurationIsVisible = 0;
			defaultConfigurationName = Debug;
		};
		B631AE7D1E6A5579007B2125 /* Build configuration list for PBXNativeTarget "Konjac" */ = {
			isa = XCConfigurationList;
			buildConfigurations = (
				B631AE7E1E6A5579007B2125 /* Debug */,
				B631AE7F1E6A5579007B2125 /* Release */,
			);
			defaultConfigurationIsVisible = 0;
			defaultConfigurationName = Debug;
		};
		B631AE801E6A5579007B2125 /* Build configuration list for PBXNativeTarget "KonjacTests" */ = {
			isa = XCConfigurationList;
			buildConfigurations = (
				B631AE811E6A5579007B2125 /* Debug */,
				B631AE821E6A5579007B2125 /* Release */,
			);
			defaultConfigurationIsVisible = 0;
			defaultConfigurationName = Debug;
		};
/* End XCConfigurationList section */
	};
	rootObject = B631AE581E6A5578007B2125 /* Project object */;
}
